
Microsoft Visual Studio Solution File, Format Version 10.00
# Visual Studio 2008
Project("{FAE04EC0-301F-11D3-BF4B-00C04F79EFBC}") = "JDT_NET", "JDT_NET\JDT_NET.csproj", "{24C042D1-684E-4F13-8543-678064394DCD}"
EndProject
Project("{FAE04EC0-301F-11D3-BF4B-00C04F79EFBC}") = "Delaunay_triangulation", "Delaunay_triangulation\Delaunay_triangulation.csproj", "{C4F8A12C-75A4-4697-AF9B-B4D3E8F72D87}"
EndProject
Project("{FAE04EC0-301F-11D3-BF4B-00C04F79EFBC}") = "Testing", "Testing\Testing.csproj", "{A1CC8D83-D481-4930-A5C7-F671F4E329C1}"
EndProject
Global
	GlobalSection(SolutionConfigurationPlatforms) = preSolution
		Debug|Any CPU = Debug|Any CPU
		Release|Any CPU = Release|Any CPU
	EndGlobalSection
	GlobalSection(ProjectConfigurationPlatforms) = postSolution
		{24C042D1-684E-4F13-8543-678064394DCD}.Debug|Any CPU.ActiveCfg = Debug|Any CPU
		{24C042D1-684E-4F13-8543-678064394DCD}.Debug|Any CPU.Build.0 = Debug|Any CPU
		{24C042D1-684E-4F13-8543-678064394DCD}.Release|Any CPU.ActiveCfg = Release|Any CPU
		{24C042D1-684E-4F13-8543-678064394DCD}.Release|Any CPU.Build.0 = Release|Any CPU
		{C4F8A12C-75A4-4697-AF9B-B4D3E8F72D87}.Debug|Any CPU.ActiveCfg = Debug|Any CPU
		{C4F8A12C-75A4-4697-AF9B-B4D3E8F72D87}.Debug|Any CPU.Build.0 = Debug|Any CPU
		{C4F8A12C-75A4-4697-AF9B-B4D3E8F72D87}.Release|Any CPU.ActiveCfg = Release|Any CPU
		{C4F8A12C-75A4-4697-AF9B-B4D3E8F72D87}.Release|Any CPU.Build.0 = Release|Any CPU
		{A1CC8D83-D481-4930-A5C7-F671F4E329C1}.Debug|Any CPU.ActiveCfg = Debug|Any CPU
		{A1CC8D83-D481-4930-A5C7-F671F4E329C1}.Debug|Any CPU.Build.0 = Debug|Any CPU
		{A1CC8D83-D481-4930-A5C7-F671F4E329C1}.Release|Any CPU.ActiveCfg = Release|Any CPU
		{A1CC8D83-D481-4930-A5C7-F671F4E329C1}.Release|Any CPU.Build.0 = Release|Any CPU
	EndGlobalSection
	GlobalSection(SolutionProperties) = preSolution
		HideSolutionNode = FALSE
	EndGlobalSection
EndGlobal
