// !$*UTF8*$!
{
	archiveVersion = 1;
	classes = {
	};
	objectVersion = 45;
	objects = {

/* Begin PBXBuildFile section */
		1D3623260D0F684500981E51 /* OCDTAppDelegate.m in Sources */ = {isa = PBXBuildFile; fileRef = 1D3623250D0F684500981E51 /* OCDTAppDelegate.m */; };
		1D60589B0D05DD56006BFB54 /* main.m in Sources */ = {isa = PBXBuildFile; fileRef = 29B97316FDCFA39411CA2CEA /* main.m */; };
		1D60589F0D05DD5A006BFB54 /* Foundation.framework in Frameworks */ = {isa = PBXBuildFile; fileRef = 1D30AB110D05D00D00671497 /* Foundation.framework */; };
		1DF5F4E00D08C38300B7A737 /* UIKit.framework in Frameworks */ = {isa = PBXBuildFile; fileRef = 1DF5F4DF0D08C38300B7A737 /* UIKit.framework */; };
		28216C970DB411BC00E5133A /* DTDisplayViewController.m in Sources */ = {isa = PBXBuildFile; fileRef = 28216C960DB411BC00E5133A /* DTDisplayViewController.m */; };
		288765080DF74369002DB57D /* CoreGraphics.framework in Frameworks */ = {isa = PBXBuildFile; fileRef = 288765070DF74369002DB57D /* CoreGraphics.framework */; };
		E2027E4710B6C65700040BFB /* Delaunay_Triangulation.m in Sources */ = {isa = PBXBuildFile; fileRef = E2027E4610B6C65700040BFB /* Delaunay_Triangulation.m */; };
		E2027F3910B7D31B00040BFB /* DTFileReader.m in Sources */ = {isa = PBXBuildFile; fileRef = E2027F3810B7D31B00040BFB /* DTFileReader.m */; };
		E2027FAB10B8008B00040BFB /* DTTest.m in Sources */ = {isa = PBXBuildFile; fileRef = E2027FAA10B8008B00040BFB /* DTTest.m */; };
		E2027FD510B804E400040BFB /* DTDataViewController.m in Sources */ = {isa = PBXBuildFile; fileRef = E2027FD310B804E400040BFB /* DTDataViewController.m */; };
		E20284A010B9CA2700040BFB /* DTDisplayView.m in Sources */ = {isa = PBXBuildFile; fileRef = E202849F10B9CA2600040BFB /* DTDisplayView.m */; };
		E20F549F10C9811A005CEF08 /* il_1000.smf in Resources */ = {isa = PBXBuildFile; fileRef = E20F549610C9811A005CEF08 /* il_1000.smf */; };
		E20F54A010C9811A005CEF08 /* t1-1000.tsin in Resources */ = {isa = PBXBuildFile; fileRef = E20F549710C9811A005CEF08 /* t1-1000.tsin */; };
		E20F54A110C9811A005CEF08 /* t1-5000.smf in Resources */ = {isa = PBXBuildFile; fileRef = E20F549810C9811A005CEF08 /* t1-5000.smf */; };
		E20F54A210C9811A005CEF08 /* t1-5000.tsin in Resources */ = {isa = PBXBuildFile; fileRef = E20F549910C9811A005CEF08 /* t1-5000.tsin */; };
		E20F54A310C9811A005CEF08 /* t1-5000.tsin_test.smf in Resources */ = {isa = PBXBuildFile; fileRef = E20F549A10C9811A005CEF08 /* t1-5000.tsin_test.smf */; };
		E20F54A410C9811A005CEF08 /* t1-5000b.smf in Resources */ = {isa = PBXBuildFile; fileRef = E20F549B10C9811A005CEF08 /* t1-5000b.smf */; };
		E20F54A510C9811A005CEF08 /* terra_13000_test in Resources */ = {isa = PBXBuildFile; fileRef = E20F549C10C9811A005CEF08 /* terra_13000_test */; };
		E20F54A610C9811A005CEF08 /* terra_13000.smf in Resources */ = {isa = PBXBuildFile; fileRef = E20F549D10C9811A005CEF08 /* terra_13000.smf */; };
		E20F54A710C9811A005CEF08 /* terra_13000.tsin in Resources */ = {isa = PBXBuildFile; fileRef = E20F549E10C9811A005CEF08 /* terra_13000.tsin */; };
		E20F54AC10C9819E005CEF08 /* DTDataView.xib in Resources */ = {isa = PBXBuildFile; fileRef = E20F54A810C9819E005CEF08 /* DTDataView.xib */; };
		E20F54AD10C9819E005CEF08 /* DTDisplayView.xib in Resources */ = {isa = PBXBuildFile; fileRef = E20F54A910C9819E005CEF08 /* DTDisplayView.xib */; };
		E20F54AE10C9819E005CEF08 /* DTSettingsView.xib in Resources */ = {isa = PBXBuildFile; fileRef = E20F54AA10C9819E005CEF08 /* DTSettingsView.xib */; };
		E20F54AF10C9819E005CEF08 /* MainWindow.xib in Resources */ = {isa = PBXBuildFile; fileRef = E20F54AB10C9819E005CEF08 /* MainWindow.xib */; };
		E24EB61F10B4A73E001CEEEB /* Point_dt.m in Sources */ = {isa = PBXBuildFile; fileRef = E24EB61E10B4A73E001CEEEB /* Point_dt.m */; };
		E24EB64110B4B4A9001CEEEB /* Triangle_dt.m in Sources */ = {isa = PBXBuildFile; fileRef = E24EB64010B4B4A9001CEEEB /* Triangle_dt.m */; };
		E278B14B10CA7FA700C9B493 /* settings-icon.png in Resources */ = {isa = PBXBuildFile; fileRef = E298A24F10C1480B00424B14 /* settings-icon.png */; };
		E278B14C10CA7FA700C9B493 /* folder-icon.png in Resources */ = {isa = PBXBuildFile; fileRef = E298A25010C1480B00424B14 /* folder-icon.png */; };
		E278B14D10CA7FA700C9B493 /* display-icon.png in Resources */ = {isa = PBXBuildFile; fileRef = E298A25110C1480B00424B14 /* display-icon.png */; };
		E298A1C110C12FA000424B14 /* DTSettingsViewController.m in Sources */ = {isa = PBXBuildFile; fileRef = E298A1C010C12FA000424B14 /* DTSettingsViewController.m */; };
		E299921510B52994001CC324 /* Circle_dt.m in Sources */ = {isa = PBXBuildFile; fileRef = E299921410B52994001CC324 /* Circle_dt.m */; };
/* End PBXBuildFile section */

/* Begin PBXFileReference section */
		1D30AB110D05D00D00671497 /* Foundation.framework */ = {isa = PBXFileReference; lastKnownFileType = wrapper.framework; name = Foundation.framework; path = System/Library/Frameworks/Foundation.framework; sourceTree = SDKROOT; };
		1D3623240D0F684500981E51 /* OCDTAppDelegate.h */ = {isa = PBXFileReference; fileEncoding = 4; lastKnownFileType = sourcecode.c.h; path = OCDTAppDelegate.h; sourceTree = "<group>"; };
		1D3623250D0F684500981E51 /* OCDTAppDelegate.m */ = {isa = PBXFileReference; fileEncoding = 4; lastKnownFileType = sourcecode.c.objc; path = OCDTAppDelegate.m; sourceTree = "<group>"; };
		1D6058910D05DD3D006BFB54 /* OCDT.app */ = {isa = PBXFileReference; explicitFileType = wrapper.application; includeInIndex = 0; path = OCDT.app; sourceTree = BUILT_PRODUCTS_DIR; };
		1DF5F4DF0D08C38300B7A737 /* UIKit.framework */ = {isa = PBXFileReference; lastKnownFileType = wrapper.framework; name = UIKit.framework; path = System/Library/Frameworks/UIKit.framework; sourceTree = SDKROOT; };
		28216C950DB411BC00E5133A /* DTDisplayViewController.h */ = {isa = PBXFileReference; fileEncoding = 4; lastKnownFileType = sourcecode.c.h; path = DTDisplayViewController.h; sourceTree = "<group>"; };
		28216C960DB411BC00E5133A /* DTDisplayViewController.m */ = {isa = PBXFileReference; fileEncoding = 4; lastKnownFileType = sourcecode.c.objc; path = DTDisplayViewController.m; sourceTree = "<group>"; };
		288765070DF74369002DB57D /* CoreGraphics.framework */ = {isa = PBXFileReference; lastKnownFileType = wrapper.framework; name = CoreGraphics.framework; path = System/Library/Frameworks/CoreGraphics.framework; sourceTree = SDKROOT; };
		28A0AB4B0D9B1048005BE974 /* OCDT_Prefix.pch */ = {isa = PBXFileReference; fileEncoding = 4; lastKnownFileType = sourcecode.c.h; path = OCDT_Prefix.pch; sourceTree = "<group>"; };
		29B97316FDCFA39411CA2CEA /* main.m */ = {isa = PBXFileReference; fileEncoding = 4; lastKnownFileType = sourcecode.c.objc; path = main.m; sourceTree = "<group>"; };
		8D1107310486CEB800E47090 /* OCDT-Info.plist */ = {isa = PBXFileReference; fileEncoding = 4; lastKnownFileType = text.plist.xml; path = "OCDT-Info.plist"; plistStructureDefinitionIdentifier = "com.apple.xcode.plist.structure-definition.iphone.info-plist"; sourceTree = "<group>"; };
		E2027E4510B6C65700040BFB /* Delaunay_Triangulation.h */ = {isa = PBXFileReference; fileEncoding = 4; lastKnownFileType = sourcecode.c.h; path = Delaunay_Triangulation.h; sourceTree = "<group>"; };
		E2027E4610B6C65700040BFB /* Delaunay_Triangulation.m */ = {isa = PBXFileReference; fileEncoding = 4; lastKnownFileType = sourcecode.c.objc; path = Delaunay_Triangulation.m; sourceTree = "<group>"; };
		E2027F3710B7D31B00040BFB /* DTFileReader.h */ = {isa = PBXFileReference; fileEncoding = 4; lastKnownFileType = sourcecode.c.h; path = DTFileReader.h; sourceTree = "<group>"; };
		E2027F3810B7D31B00040BFB /* DTFileReader.m */ = {isa = PBXFileReference; fileEncoding = 4; lastKnownFileType = sourcecode.c.objc; path = DTFileReader.m; sourceTree = "<group>"; };
		E2027FA910B8008B00040BFB /* DTTest.h */ = {isa = PBXFileReference; fileEncoding = 4; lastKnownFileType = sourcecode.c.h; path = DTTest.h; sourceTree = "<group>"; };
		E2027FAA10B8008B00040BFB /* DTTest.m */ = {isa = PBXFileReference; fileEncoding = 4; lastKnownFileType = sourcecode.c.objc; path = DTTest.m; sourceTree = "<group>"; };
		E2027FD210B804E400040BFB /* DTDataViewController.h */ = {isa = PBXFileReference; fileEncoding = 4; lastKnownFileType = sourcecode.c.h; path = DTDataViewController.h; sourceTree = "<group>"; };
		E2027FD310B804E400040BFB /* DTDataViewController.m */ = {isa = PBXFileReference; fileEncoding = 4; lastKnownFileType = sourcecode.c.objc; path = DTDataViewController.m; sourceTree = "<group>"; };
		E202849E10B9CA2600040BFB /* DTDisplayView.h */ = {isa = PBXFileReference; fileEncoding = 4; lastKnownFileType = sourcecode.c.h; path = DTDisplayView.h; sourceTree = "<group>"; };
		E202849F10B9CA2600040BFB /* DTDisplayView.m */ = {isa = PBXFileReference; fileEncoding = 4; lastKnownFileType = sourcecode.c.objc; path = DTDisplayView.m; sourceTree = "<group>"; };
		E20F549610C9811A005CEF08 /* il_1000.smf */ = {isa = PBXFileReference; fileEncoding = 4; lastKnownFileType = text; name = il_1000.smf; path = Data/il_1000.smf; sourceTree = "<group>"; };
		E20F549710C9811A005CEF08 /* t1-1000.tsin */ = {isa = PBXFileReference; fileEncoding = 4; lastKnownFileType = text; name = "t1-1000.tsin"; path = "Data/t1-1000.tsin"; sourceTree = "<group>"; };
		E20F549810C9811A005CEF08 /* t1-5000.smf */ = {isa = PBXFileReference; fileEncoding = 4; lastKnownFileType = text; name = "t1-5000.smf"; path = "Data/t1-5000.smf"; sourceTree = "<group>"; };
		E20F549910C9811A005CEF08 /* t1-5000.tsin */ = {isa = PBXFileReference; fileEncoding = 4; lastKnownFileType = text; name = "t1-5000.tsin"; path = "Data/t1-5000.tsin"; sourceTree = "<group>"; };
		E20F549A10C9811A005CEF08 /* t1-5000.tsin_test.smf */ = {isa = PBXFileReference; fileEncoding = 4; lastKnownFileType = text; name = "t1-5000.tsin_test.smf"; path = "Data/t1-5000.tsin_test.smf"; sourceTree = "<group>"; };
		E20F549B10C9811A005CEF08 /* t1-5000b.smf */ = {isa = PBXFileReference; fileEncoding = 4; lastKnownFileType = text; name = "t1-5000b.smf"; path = "Data/t1-5000b.smf"; sourceTree = "<group>"; };
		E20F549C10C9811A005CEF08 /* terra_13000_test */ = {isa = PBXFileReference; fileEncoding = 4; lastKnownFileType = text; name = terra_13000_test; path = Data/terra_13000_test; sourceTree = "<group>"; };
		E20F549D10C9811A005CEF08 /* terra_13000.smf */ = {isa = PBXFileReference; fileEncoding = 4; lastKnownFileType = text; name = terra_13000.smf; path = Data/terra_13000.smf; sourceTree = "<group>"; };
		E20F549E10C9811A005CEF08 /* terra_13000.tsin */ = {isa = PBXFileReference; fileEncoding = 4; lastKnownFileType = text; name = terra_13000.tsin; path = Data/terra_13000.tsin; sourceTree = "<group>"; };
		E20F54A810C9819E005CEF08 /* DTDataView.xib */ = {isa = PBXFileReference; lastKnownFileType = file.xib; name = DTDataView.xib; path = NIB/DTDataView.xib; sourceTree = "<group>"; };
		E20F54A910C9819E005CEF08 /* DTDisplayView.xib */ = {isa = PBXFileReference; lastKnownFileType = file.xib; name = DTDisplayView.xib; path = NIB/DTDisplayView.xib; sourceTree = "<group>"; };
		E20F54AA10C9819E005CEF08 /* DTSettingsView.xib */ = {isa = PBXFileReference; lastKnownFileType = file.xib; name = DTSettingsView.xib; path = NIB/DTSettingsView.xib; sourceTree = "<group>"; };
		E20F54AB10C9819E005CEF08 /* MainWindow.xib */ = {isa = PBXFileReference; lastKnownFileType = file.xib; name = MainWindow.xib; path = NIB/MainWindow.xib; sourceTree = "<group>"; };
		E24EB61D10B4A73E001CEEEB /* Point_dt.h */ = {isa = PBXFileReference; fileEncoding = 4; lastKnownFileType = sourcecode.c.h; path = Point_dt.h; sourceTree = "<group>"; };
		E24EB61E10B4A73E001CEEEB /* Point_dt.m */ = {isa = PBXFileReference; fileEncoding = 4; lastKnownFileType = sourcecode.c.objc; path = Point_dt.m; sourceTree = "<group>"; };
		E24EB63E10B4B3DF001CEEEB /* dt_defines.h */ = {isa = PBXFileReference; fileEncoding = 4; lastKnownFileType = sourcecode.c.h; path = dt_defines.h; sourceTree = "<group>"; };
		E24EB63F10B4B4A9001CEEEB /* Triangle_dt.h */ = {isa = PBXFileReference; fileEncoding = 4; lastKnownFileType = sourcecode.c.h; path = Triangle_dt.h; sourceTree = "<group>"; };
		E24EB64010B4B4A9001CEEEB /* Triangle_dt.m */ = {isa = PBXFileReference; fileEncoding = 4; lastKnownFileType = sourcecode.c.objc; path = Triangle_dt.m; sourceTree = "<group>"; };
		E278B14710CA7F8200C9B493 /* input_point.jpg */ = {isa = PBXFileReference; lastKnownFileType = image.jpeg; name = input_point.jpg; path = images/Screenshots/input_point.jpg; sourceTree = "<group>"; };
		E298A1BF10C12FA000424B14 /* DTSettingsViewController.h */ = {isa = PBXFileReference; fileEncoding = 4; lastKnownFileType = sourcecode.c.h; path = DTSettingsViewController.h; sourceTree = "<group>"; };
		E298A1C010C12FA000424B14 /* DTSettingsViewController.m */ = {isa = PBXFileReference; fileEncoding = 4; lastKnownFileType = sourcecode.c.objc; path = DTSettingsViewController.m; sourceTree = "<group>"; };
		E298A24F10C1480B00424B14 /* settings-icon.png */ = {isa = PBXFileReference; lastKnownFileType = image.png; name = "settings-icon.png"; path = "images/settings-icon.png"; sourceTree = "<group>"; };
		E298A25010C1480B00424B14 /* folder-icon.png */ = {isa = PBXFileReference; lastKnownFileType = image.png; name = "folder-icon.png"; path = "images/folder-icon.png"; sourceTree = "<group>"; };
		E298A25110C1480B00424B14 /* display-icon.png */ = {isa = PBXFileReference; lastKnownFileType = image.png; name = "display-icon.png"; path = "images/display-icon.png"; sourceTree = "<group>"; };
		E299921310B52994001CC324 /* Circle_dt.h */ = {isa = PBXFileReference; fileEncoding = 4; lastKnownFileType = sourcecode.c.h; path = Circle_dt.h; sourceTree = "<group>"; };
		E299921410B52994001CC324 /* Circle_dt.m */ = {isa = PBXFileReference; fileEncoding = 4; lastKnownFileType = sourcecode.c.objc; path = Circle_dt.m; sourceTree = "<group>"; };
		E2EF5D0810CA7ACA003B44E3 /* input_point.PNG */ = {isa = PBXFileReference; lastKnownFileType = image.png; name = input_point.PNG; path = images/Screenshots/input_point.PNG; sourceTree = "<group>"; };
		E2EF5D0910CA7ACA003B44E3 /* view_topography.PNG */ = {isa = PBXFileReference; lastKnownFileType = image.png; name = view_topography.PNG; path = images/Screenshots/view_topography.PNG; sourceTree = "<group>"; };
		E2EF5D0A10CA7ACA003B44E3 /* tab_settings.PNG */ = {isa = PBXFileReference; lastKnownFileType = image.png; name = tab_settings.PNG; path = images/Screenshots/tab_settings.PNG; sourceTree = "<group>"; };
		E2EF5D0B10CA7ACA003B44E3 /* tab_resources.PNG */ = {isa = PBXFileReference; lastKnownFileType = image.png; name = tab_resources.PNG; path = images/Screenshots/tab_resources.PNG; sourceTree = "<group>"; };
/* End PBXFileReference section */

/* Begin PBXFrameworksBuildPhase section */
		1D60588F0D05DD3D006BFB54 /* Frameworks */ = {
			isa = PBXFrameworksBuildPhase;
			buildActionMask = 2147483647;
			files = (
				1D60589F0D05DD5A006BFB54 /* Foundation.framework in Frameworks */,
				1DF5F4E00D08C38300B7A737 /* UIKit.framework in Frameworks */,
				288765080DF74369002DB57D /* CoreGraphics.framework in Frameworks */,
			);
			runOnlyForDeploymentPostprocessing = 0;
		};
/* End PBXFrameworksBuildPhase section */

/* Begin PBXGroup section */
		080E96DDFE201D6D7F000001 /* Classes */ = {
			isa = PBXGroup;
			children = (
				E2027FD110B804AD00040BFB /* GUI */,
				E2027FA310B8004700040BFB /* Test */,
				E24EB61C10B4A713001CEEEB /* Infrastructure */,
				1D3623240D0F684500981E51 /* OCDTAppDelegate.h */,
				1D3623250D0F684500981E51 /* OCDTAppDelegate.m */,
			);
			path = Classes;
			sourceTree = "<group>";
		};
		19C28FACFE9D520D11CA2CBB /* Products */ = {
			isa = PBXGroup;
			children = (
				1D6058910D05DD3D006BFB54 /* OCDT.app */,
			);
			name = Products;
			sourceTree = "<group>";
		};
		29B97314FDCFA39411CA2CEA /* OCDT */ = {
			isa = PBXGroup;
			children = (
				080E96DDFE201D6D7F000001 /* Classes */,
				29B97315FDCFA39411CA2CEA /* Other Sources */,
				29B97317FDCFA39411CA2CEA /* Resources */,
				29B97323FDCFA39411CA2CEA /* Frameworks */,
				19C28FACFE9D520D11CA2CBB /* Products */,
			);
			name = OCDT;
			sourceTree = "<group>";
		};
		29B97315FDCFA39411CA2CEA /* Other Sources */ = {
			isa = PBXGroup;
			children = (
				28A0AB4B0D9B1048005BE974 /* OCDT_Prefix.pch */,
				29B97316FDCFA39411CA2CEA /* main.m */,
			);
			name = "Other Sources";
			sourceTree = "<group>";
		};
		29B97317FDCFA39411CA2CEA /* Resources */ = {
			isa = PBXGroup;
			children = (
				E298A24C10C147EE00424B14 /* Images */,
				E2027FD710B804ED00040BFB /* NIB */,
				E2027FB010B8015D00040BFB /* Data */,
				8D1107310486CEB800E47090 /* OCDT-Info.plist */,
			);
			name = Resources;
			sourceTree = "<group>";
		};
		29B97323FDCFA39411CA2CEA /* Frameworks */ = {
			isa = PBXGroup;
			children = (
				1DF5F4DF0D08C38300B7A737 /* UIKit.framework */,
				1D30AB110D05D00D00671497 /* Foundation.framework */,
				288765070DF74369002DB57D /* CoreGraphics.framework */,
			);
			name = Frameworks;
			sourceTree = "<group>";
		};
		E2027FA310B8004700040BFB /* Test */ = {
			isa = PBXGroup;
			children = (
				E2027FA910B8008B00040BFB /* DTTest.h */,
				E2027FAA10B8008B00040BFB /* DTTest.m */,
			);
			name = Test;
			sourceTree = "<group>";
		};
		E2027FB010B8015D00040BFB /* Data */ = {
			isa = PBXGroup;
			children = (
				E20F549610C9811A005CEF08 /* il_1000.smf */,
				E20F549710C9811A005CEF08 /* t1-1000.tsin */,
				E20F549810C9811A005CEF08 /* t1-5000.smf */,
				E20F549910C9811A005CEF08 /* t1-5000.tsin */,
				E20F549A10C9811A005CEF08 /* t1-5000.tsin_test.smf */,
				E20F549B10C9811A005CEF08 /* t1-5000b.smf */,
				E20F549C10C9811A005CEF08 /* terra_13000_test */,
				E20F549D10C9811A005CEF08 /* terra_13000.smf */,
				E20F549E10C9811A005CEF08 /* terra_13000.tsin */,
			);
			name = Data;
			sourceTree = "<group>";
		};
		E2027FD110B804AD00040BFB /* GUI */ = {
			isa = PBXGroup;
			children = (
				E2027FD210B804E400040BFB /* DTDataViewController.h */,
				E2027FD310B804E400040BFB /* DTDataViewController.m */,
				28216C950DB411BC00E5133A /* DTDisplayViewController.h */,
				28216C960DB411BC00E5133A /* DTDisplayViewController.m */,
				E202849E10B9CA2600040BFB /* DTDisplayView.h */,
				E202849F10B9CA2600040BFB /* DTDisplayView.m */,
				E298A1BF10C12FA000424B14 /* DTSettingsViewController.h */,
				E298A1C010C12FA000424B14 /* DTSettingsViewController.m */,
			);
			name = GUI;
			sourceTree = "<group>";
		};
		E2027FD710B804ED00040BFB /* NIB */ = {
			isa = PBXGroup;
			children = (
				E20F54A810C9819E005CEF08 /* DTDataView.xib */,
				E20F54A910C9819E005CEF08 /* DTDisplayView.xib */,
				E20F54AA10C9819E005CEF08 /* DTSettingsView.xib */,
				E20F54AB10C9819E005CEF08 /* MainWindow.xib */,
			);
			name = NIB;
			sourceTree = "<group>";
		};
		E24EB61C10B4A713001CEEEB /* Infrastructure */ = {
			isa = PBXGroup;
			children = (
				E24EB63E10B4B3DF001CEEEB /* dt_defines.h */,
				E24EB61D10B4A73E001CEEEB /* Point_dt.h */,
				E24EB61E10B4A73E001CEEEB /* Point_dt.m */,
				E24EB63F10B4B4A9001CEEEB /* Triangle_dt.h */,
				E24EB64010B4B4A9001CEEEB /* Triangle_dt.m */,
				E299921310B52994001CC324 /* Circle_dt.h */,
				E299921410B52994001CC324 /* Circle_dt.m */,
				E2027E4510B6C65700040BFB /* Delaunay_Triangulation.h */,
				E2027E4610B6C65700040BFB /* Delaunay_Triangulation.m */,
				E2027F3710B7D31B00040BFB /* DTFileReader.h */,
				E2027F3810B7D31B00040BFB /* DTFileReader.m */,
			);
			name = Infrastructure;
			sourceTree = "<group>";
		};
		E298A24C10C147EE00424B14 /* Images */ = {
			isa = PBXGroup;
			children = (
				E2EF5D0410CA7AB3003B44E3 /* Screenshots */,
				E298A24F10C1480B00424B14 /* settings-icon.png */,
				E298A25010C1480B00424B14 /* folder-icon.png */,
				E298A25110C1480B00424B14 /* display-icon.png */,
			);
			name = Images;
			sourceTree = "<group>";
		};
		E2EF5D0410CA7AB3003B44E3 /* Screenshots */ = {
			isa = PBXGroup;
			children = (
				E278B14710CA7F8200C9B493 /* input_point.jpg */,
				E2EF5D0810CA7ACA003B44E3 /* input_point.PNG */,
				E2EF5D0910CA7ACA003B44E3 /* view_topography.PNG */,
				E2EF5D0A10CA7ACA003B44E3 /* tab_settings.PNG */,
				E2EF5D0B10CA7ACA003B44E3 /* tab_resources.PNG */,
			);
			name = Screenshots;
			sourceTree = "<group>";
		};
/* End PBXGroup section */

/* Begin PBXNativeTarget section */
		1D6058900D05DD3D006BFB54 /* OCDT */ = {
			isa = PBXNativeTarget;
			buildConfigurationList = 1D6058960D05DD3E006BFB54 /* Build configuration list for PBXNativeTarget "OCDT" */;
			buildPhases = (
				1D60588D0D05DD3D006BFB54 /* Resources */,
				1D60588E0D05DD3D006BFB54 /* Sources */,
				1D60588F0D05DD3D006BFB54 /* Frameworks */,
			);
			buildRules = (
			);
			dependencies = (
			);
			name = OCDT;
			productName = OCDT;
			productReference = 1D6058910D05DD3D006BFB54 /* OCDT.app */;
			productType = "com.apple.product-type.application";
		};
/* End PBXNativeTarget section */

/* Begin PBXProject section */
		29B97313FDCFA39411CA2CEA /* Project object */ = {
			isa = PBXProject;
			buildConfigurationList = C01FCF4E08A954540054247B /* Build configuration list for PBXProject "OCDT" */;
			compatibilityVersion = "Xcode 3.1";
			hasScannedForEncodings = 1;
			mainGroup = 29B97314FDCFA39411CA2CEA /* OCDT */;
			projectDirPath = "";
			projectRoot = "";
			targets = (
				1D6058900D05DD3D006BFB54 /* OCDT */,
			);
		};
/* End PBXProject section */

/* Begin PBXResourcesBuildPhase section */
		1D60588D0D05DD3D006BFB54 /* Resources */ = {
			isa = PBXResourcesBuildPhase;
			buildActionMask = 2147483647;
			files = (
				E278B14B10CA7FA700C9B493 /* settings-icon.png in Resources */,
				E278B14C10CA7FA700C9B493 /* folder-icon.png in Resources */,
				E278B14D10CA7FA700C9B493 /* display-icon.png in Resources */,
				E20F549F10C9811A005CEF08 /* il_1000.smf in Resources */,
				E20F54A010C9811A005CEF08 /* t1-1000.tsin in Resources */,
				E20F54A110C9811A005CEF08 /* t1-5000.smf in Resources */,
				E20F54A210C9811A005CEF08 /* t1-5000.tsin in Resources */,
				E20F54A310C9811A005CEF08 /* t1-5000.tsin_test.smf in Resources */,
				E20F54A410C9811A005CEF08 /* t1-5000b.smf in Resources */,
				E20F54A510C9811A005CEF08 /* terra_13000_test in Resources */,
				E20F54A610C9811A005CEF08 /* terra_13000.smf in Resources */,
				E20F54A710C9811A005CEF08 /* terra_13000.tsin in Resources */,
				E20F54AC10C9819E005CEF08 /* DTDataView.xib in Resources */,
				E20F54AD10C9819E005CEF08 /* DTDisplayView.xib in Resources */,
				E20F54AE10C9819E005CEF08 /* DTSettingsView.xib in Resources */,
				E20F54AF10C9819E005CEF08 /* MainWindow.xib in Resources */,
			);
			runOnlyForDeploymentPostprocessing = 0;
		};
/* End PBXResourcesBuildPhase section */

/* Begin PBXSourcesBuildPhase section */
		1D60588E0D05DD3D006BFB54 /* Sources */ = {
			isa = PBXSourcesBuildPhase;
			buildActionMask = 2147483647;
			files = (
				1D60589B0D05DD56006BFB54 /* main.m in Sources */,
				1D3623260D0F684500981E51 /* OCDTAppDelegate.m in Sources */,
				28216C970DB411BC00E5133A /* DTDisplayViewController.m in Sources */,
				E24EB61F10B4A73E001CEEEB /* Point_dt.m in Sources */,
				E24EB64110B4B4A9001CEEEB /* Triangle_dt.m in Sources */,
				E299921510B52994001CC324 /* Circle_dt.m in Sources */,
				E2027E4710B6C65700040BFB /* Delaunay_Triangulation.m in Sources */,
				E2027F3910B7D31B00040BFB /* DTFileReader.m in Sources */,
				E2027FAB10B8008B00040BFB /* DTTest.m in Sources */,
				E2027FD510B804E400040BFB /* DTDataViewController.m in Sources */,
				E20284A010B9CA2700040BFB /* DTDisplayView.m in Sources */,
				E298A1C110C12FA000424B14 /* DTSettingsViewController.m in Sources */,
			);
			runOnlyForDeploymentPostprocessing = 0;
		};
/* End PBXSourcesBuildPhase section */

/* Begin XCBuildConfiguration section */
		1D6058940D05DD3E006BFB54 /* Debug */ = {
			isa = XCBuildConfiguration;
			buildSettings = {
				ALWAYS_SEARCH_USER_PATHS = NO;
				COPY_PHASE_STRIP = NO;
				GCC_DYNAMIC_NO_PIC = NO;
				GCC_OPTIMIZATION_LEVEL = 0;
				GCC_PRECOMPILE_PREFIX_HEADER = YES;
				GCC_PREFIX_HEADER = OCDT_Prefix.pch;
				INFOPLIST_FILE = "OCDT-Info.plist";
				PRODUCT_NAME = OCDT;
				SDKROOT = iphoneos3.0;
			};
			name = Debug;
		};
		1D6058950D05DD3E006BFB54 /* Release */ = {
			isa = XCBuildConfiguration;
			buildSettings = {
				ALWAYS_SEARCH_USER_PATHS = NO;
				COPY_PHASE_STRIP = YES;
				GCC_PRECOMPILE_PREFIX_HEADER = YES;
				GCC_PREFIX_HEADER = OCDT_Prefix.pch;
				INFOPLIST_FILE = "OCDT-Info.plist";
				PRODUCT_NAME = OCDT;
			};
			name = Release;
		};
		C01FCF4F08A954540054247B /* Debug */ = {
			isa = XCBuildConfiguration;
			buildSettings = {
				ARCHS = "$(ARCHS_STANDARD_32_BIT)";
				"CODE_SIGN_IDENTITY[sdk=iphoneos*]" = "iPhone Developer";
				GCC_C_LANGUAGE_STANDARD = c99;
				GCC_WARN_ABOUT_RETURN_TYPE = YES;
				GCC_WARN_UNUSED_VARIABLE = YES;
				PREBINDING = NO;
				SDKROOT = iphoneos3.0;
			};
			name = Debug;
		};
		C01FCF5008A954540054247B /* Release */ = {
			isa = XCBuildConfiguration;
			buildSettings = {
				ARCHS = "$(ARCHS_STANDARD_32_BIT)";
				"CODE_SIGN_IDENTITY[sdk=iphoneos*]" = "iPhone Developer";
				GCC_C_LANGUAGE_STANDARD = c99;
				GCC_WARN_ABOUT_RETURN_TYPE = YES;
				GCC_WARN_UNUSED_VARIABLE = YES;
				PREBINDING = NO;
				SDKROOT = iphoneos3.1;
			};
			name = Release;
		};
/* End XCBuildConfiguration section */

/* Begin XCConfigurationList section */
		1D6058960D05DD3E006BFB54 /* Build configuration list for PBXNativeTarget "OCDT" */ = {
			isa = XCConfigurationList;
			buildConfigurations = (
				1D6058940D05DD3E006BFB54 /* Debug */,
				1D6058950D05DD3E006BFB54 /* Release */,
			);
			defaultConfigurationIsVisible = 0;
			defaultConfigurationName = Release;
		};
		C01FCF4E08A954540054247B /* Build configuration list for PBXProject "OCDT" */ = {
			isa = XCConfigurationList;
			buildConfigurations = (
				C01FCF4F08A954540054247B /* Debug */,
				C01FCF5008A954540054247B /* Release */,
			);
			defaultConfigurationIsVisible = 0;
			defaultConfigurationName = Release;
		};
/* End XCConfigurationList section */
	};
	rootObject = 29B97313FDCFA39411CA2CEA /* Project object */;
}
